
Microsoft Visual Studio Solution File, Format Version 12.00
# Visual Studio Version 17
VisualStudioVersion = 17.8.34330.188
MinimumVisualStudioVersion = 10.0.40219.1
Project("{FAE04EC0-301F-11D3-BF4B-00C04F79EFBC}") = "paint_11", "paint_11.csproj", "{F43B52FF-8828-45FB-8800-6543DDCA43CE}"
EndProject
Global
	GlobalSection(SolutionConfigurationPlatforms) = preSolution
		Debug|Any CPU = Debug|Any CPU
		Release|Any CPU = Release|Any CPU
	EndGlobalSection
	GlobalSection(ProjectConfigurationPlatforms) = postSolution
		{F43B52FF-8828-45FB-8800-6543DDCA43CE}.Debug|Any CPU.ActiveCfg = Debug|Any CPU
		{F43B52FF-8828-45FB-8800-6543DDCA43CE}.Debug|Any CPU.Build.0 = Debug|Any CPU
		{F43B52FF-8828-45FB-8800-6543DDCA43CE}.Release|Any CPU.ActiveCfg = Release|Any CPU
		{F43B52FF-8828-45FB-8800-6543DDCA43CE}.Release|Any CPU.Build.0 = Release|Any CPU
	EndGlobalSection
	GlobalSection(SolutionProperties) = preSolution
		HideSolutionNode = FALSE
	EndGlobalSection
	GlobalSection(ExtensibilityGlobals) = postSolution
		SolutionGuid = {E3E7F619-8CE4-468F-8C57-CA64CAD0FF47}
	EndGlobalSection
EndGlobal
