
Microsoft Visual Studio Solution File, Format Version 12.00
# Visual Studio Version 17
VisualStudioVersion = 17.3.32901.215
MinimumVisualStudioVersion = 10.0.40219.1
Project("{FAE04EC0-301F-11D3-BF4B-00C04F79EFBC}") = "MathQuiz", "MathQuiz.csproj", "{F5DFDD1A-8E5B-4934-AAB9-E1294514C909}"
EndProject
Global
	GlobalSection(SolutionConfigurationPlatforms) = preSolution
		Debug|Any CPU = Debug|Any CPU
		Release|Any CPU = Release|Any CPU
	EndGlobalSection
	GlobalSection(ProjectConfigurationPlatforms) = postSolution
		{F5DFDD1A-8E5B-4934-AAB9-E1294514C909}.Debug|Any CPU.ActiveCfg = Debug|Any CPU
		{F5DFDD1A-8E5B-4934-AAB9-E1294514C909}.Debug|Any CPU.Build.0 = Debug|Any CPU
		{F5DFDD1A-8E5B-4934-AAB9-E1294514C909}.Release|Any CPU.ActiveCfg = Release|Any CPU
		{F5DFDD1A-8E5B-4934-AAB9-E1294514C909}.Release|Any CPU.Build.0 = Release|Any CPU
	EndGlobalSection
	GlobalSection(SolutionProperties) = preSolution
		HideSolutionNode = FALSE
	EndGlobalSection
	GlobalSection(ExtensibilityGlobals) = postSolution
		SolutionGuid = {36C9D96D-E19F-4B33-9C0B-F6B9DDED3E01}
	EndGlobalSection
EndGlobal
